{
  "version": 4,
  "terraform_version": "1.5.7",
  "serial": 5,
  "lineage": "5e2d6609-01d9-351a-9d23-485489ba9a93",
  "outputs": {
    "storage_bucket_id": {
      "value": "dpacg-tf-mastery-bucket-002",
      "type": "string"
    },
    "storage_bucket_url": {
      "value": "gs://dpacg-tf-mastery-bucket-002",
      "type": "string"
    }
  },
  "resources": [
    {
      "mode": "managed",
      "type": "google_storage_bucket",
      "name": "learning_bucket",
      "provider": "provider[\"registry.terraform.io/hashicorp/google\"]",
      "instances": [
        {
          "schema_version": 0,
          "attributes": {
            "autoclass": [],
            "cors": [],
            "custom_placement_config": [],
            "default_event_based_hold": false,
            "encryption": [],
            "force_destroy": false,
            "id": "dpacg-tf-mastery-bucket-002",
            "labels": {},
            "lifecycle_rule": [],
            "location": "US",
            "logging": [],
            "name": "dpacg-tf-mastery-bucket-002",
            "project": "devops-sprint-project",
            "public_access_prevention": "inherited",
            "requester_pays": false,
            "retention_policy": [],
            "self_link": "https://www.googleapis.com/storage/v1/b/dpacg-tf-mastery-bucket-002",
            "soft_delete_policy": [
              {
                "effective_time": "2025-07-29T18:08:01.562Z",
                "retention_duration_seconds": 604800
              }
            ],
            "storage_class": "STANDARD",
            "timeouts": null,
            "uniform_bucket_level_access": false,
            "url": "gs://dpacg-tf-mastery-bucket-002",
            "versioning": [],
            "website": []
          },
          "sensitive_attributes": [],
          "private": "eyJlMmJmYjczMC1lY2FhLTExZTYtOGY4OC0zNDM2M2JjN2M0YzAiOnsiY3JlYXRlIjo2MDAwMDAwMDAwMDAsInJlYWQiOjI0MDAwMDAwMDAwMCwidXBkYXRlIjoyNDAwMDAwMDAwMDB9fQ=="
        }
      ]
    }
  ],
  "check_results": null
}
